{
  "requires": true,
  "lockfileVersion": 1,
  "dependencies": {
    "react-password-strength-bar": {
      "version": "0.4.1",
      "resolved": "https://registry.npmjs.org/react-password-strength-bar/-/react-password-strength-bar-0.4.1.tgz",
      "integrity": "sha512-2NvYz4IUU8k7KDZgsXKoJWreKCZLKGaqF5QhIVhc09OsPBFXFMh0BeghNkBIRkaxLeI7/xjivknDCYfluBCXKA==",
      "requires": {
        "zxcvbn": "4.4.2"
      }
    },
    "zxcvbn": {
      "version": "4.4.2",
      "resolved": "https://registry.npmjs.org/zxcvbn/-/zxcvbn-4.4.2.tgz",
      "integrity": "sha512-Bq0B+ixT/DMyG8kgX2xWcI5jUvCwqrMxSFam7m0lAf78nf04hv6lNCsyLYdyYTrCVMqNDY/206K7eExYCeSyUQ=="
    }
  }
}
